
Microsoft Visual Studio Solution File, Format Version 12.00
# Visual Studio Version 17
VisualStudioVersion = 17.0.32014.148
MinimumVisualStudioVersion = 10.0.40219.1
Project("{FAE04EC0-301F-11D3-BF4B-00C04F79EFBC}") = "KingOfLINQ", "KingOfLINQ.csproj", "{A5894FB7-EE70-4D71-BA2A-9D2E391105E1}"
EndProject
Global
	GlobalSection(SolutionConfigurationPlatforms) = preSolution
		Debug|Any CPU = Debug|Any CPU
		Release|Any CPU = Release|Any CPU
	EndGlobalSection
	GlobalSection(ProjectConfigurationPlatforms) = postSolution
		{A5894FB7-EE70-4D71-BA2A-9D2E391105E1}.Debug|Any CPU.ActiveCfg = Debug|Any CPU
		{A5894FB7-EE70-4D71-BA2A-9D2E391105E1}.Debug|Any CPU.Build.0 = Debug|Any CPU
		{A5894FB7-EE70-4D71-BA2A-9D2E391105E1}.Release|Any CPU.ActiveCfg = Release|Any CPU
		{A5894FB7-EE70-4D71-BA2A-9D2E391105E1}.Release|Any CPU.Build.0 = Release|Any CPU
	EndGlobalSection
	GlobalSection(SolutionProperties) = preSolution
		HideSolutionNode = FALSE
	EndGlobalSection
	GlobalSection(ExtensibilityGlobals) = postSolution
		SolutionGuid = {261A6F71-F6D3-43DF-8CEA-D85C42E9D348}
	EndGlobalSection
EndGlobal
